{
  "name": "client",
  "version": "1.0.0",
  "lockfileVersion": 1,
  "requires": true,
  "dependencies": {
    "systemjs": {
      "version": "6.4.1",
      "resolved": "https://registry.npmjs.org/systemjs/-/systemjs-6.4.1.tgz",
      "integrity": "sha512-xnRrngh0/KGCm8J3zmhaPxBEvDB9eLAguWPo84heVwr15JM+wS11CKxSWmv0CV16VuKlRZcDscGuXgqLBRg/qw=="
    }
  }
}
